
Microsoft Visual Studio Solution File, Format Version 12.00
# Visual Studio 15
VisualStudioVersion = 15.0.26430.6
MinimumVisualStudioVersion = 10.0.40219.1
Project("{8BC9CEB8-8B4A-11D0-8D11-00A0C91BC942}") = "90-b1", "90-b1\90-b1.vcxproj", "{887490D7-9E21-4F1B-A4BA-F4213AD63499}"
EndProject
Project("{8BC9CEB8-8B4A-11D0-8D11-00A0C91BC942}") = "90-b2", "90-b2\90-b2.vcxproj", "{55032249-05E1-4907-9C9C-FC22168E7221}"
EndProject
Global
	GlobalSection(SolutionConfigurationPlatforms) = preSolution
		Debug|x64 = Debug|x64
		Debug|x86 = Debug|x86
		Release|x64 = Release|x64
		Release|x86 = Release|x86
	EndGlobalSection
	GlobalSection(ProjectConfigurationPlatforms) = postSolution
		{887490D7-9E21-4F1B-A4BA-F4213AD63499}.Debug|x64.ActiveCfg = Debug|x64
		{887490D7-9E21-4F1B-A4BA-F4213AD63499}.Debug|x64.Build.0 = Debug|x64
		{887490D7-9E21-4F1B-A4BA-F4213AD63499}.Debug|x86.ActiveCfg = Debug|Win32
		{887490D7-9E21-4F1B-A4BA-F4213AD63499}.Debug|x86.Build.0 = Debug|Win32
		{887490D7-9E21-4F1B-A4BA-F4213AD63499}.Release|x64.ActiveCfg = Release|x64
		{887490D7-9E21-4F1B-A4BA-F4213AD63499}.Release|x64.Build.0 = Release|x64
		{887490D7-9E21-4F1B-A4BA-F4213AD63499}.Release|x86.ActiveCfg = Release|Win32
		{887490D7-9E21-4F1B-A4BA-F4213AD63499}.Release|x86.Build.0 = Release|Win32
		{55032249-05E1-4907-9C9C-FC22168E7221}.Debug|x64.ActiveCfg = Debug|x64
		{55032249-05E1-4907-9C9C-FC22168E7221}.Debug|x64.Build.0 = Debug|x64
		{55032249-05E1-4907-9C9C-FC22168E7221}.Debug|x86.ActiveCfg = Debug|Win32
		{55032249-05E1-4907-9C9C-FC22168E7221}.Debug|x86.Build.0 = Debug|Win32
		{55032249-05E1-4907-9C9C-FC22168E7221}.Release|x64.ActiveCfg = Release|x64
		{55032249-05E1-4907-9C9C-FC22168E7221}.Release|x64.Build.0 = Release|x64
		{55032249-05E1-4907-9C9C-FC22168E7221}.Release|x86.ActiveCfg = Release|Win32
		{55032249-05E1-4907-9C9C-FC22168E7221}.Release|x86.Build.0 = Release|Win32
	EndGlobalSection
	GlobalSection(SolutionProperties) = preSolution
		HideSolutionNode = FALSE
	EndGlobalSection
EndGlobal
